
Microsoft Visual Studio Solution File, Format Version 12.00
# Visual Studio Version 17
VisualStudioVersion = 17.3.32929.385
MinimumVisualStudioVersion = 10.0.40219.1
Project("{FAE04EC0-301F-11D3-BF4B-00C04F79EFBC}") = "ORO_Lb4", "ORO_Lb4\ORO_Lb4.csproj", "{6A91AE48-69EB-4F12-8382-4E37ABA6C289}"
EndProject
Global
	GlobalSection(SolutionConfigurationPlatforms) = preSolution
		Debug|Any CPU = Debug|Any CPU
		Release|Any CPU = Release|Any CPU
	EndGlobalSection
	GlobalSection(ProjectConfigurationPlatforms) = postSolution
		{6A91AE48-69EB-4F12-8382-4E37ABA6C289}.Debug|Any CPU.ActiveCfg = Debug|Any CPU
		{6A91AE48-69EB-4F12-8382-4E37ABA6C289}.Debug|Any CPU.Build.0 = Debug|Any CPU
		{6A91AE48-69EB-4F12-8382-4E37ABA6C289}.Release|Any CPU.ActiveCfg = Release|Any CPU
		{6A91AE48-69EB-4F12-8382-4E37ABA6C289}.Release|Any CPU.Build.0 = Release|Any CPU
	EndGlobalSection
	GlobalSection(SolutionProperties) = preSolution
		HideSolutionNode = FALSE
	EndGlobalSection
	GlobalSection(ExtensibilityGlobals) = postSolution
		SolutionGuid = {6A6E80D5-AC1B-4DEC-B517-C8F8F2E637A1}
	EndGlobalSection
EndGlobal
